
Microsoft Visual Studio Solution File, Format Version 12.00
# Visual Studio 15
VisualStudioVersion = 15.0.27703.2000
MinimumVisualStudioVersion = 10.0.40219.1
Project("{FAE04EC0-301F-11D3-BF4B-00C04F79EFBC}") = "Demo.Abstractions", "Demo.Abstractions\Demo.Abstractions.csproj", "{2B06FCB7-C6E1-4BEE-A031-43AE1356D94A}"
EndProject
Project("{FAE04EC0-301F-11D3-BF4B-00C04F79EFBC}") = "Demo.Models", "Demo.Models\Demo.Models.csproj", "{3E2E8217-E847-4DAC-842B-53473B555FFD}"
EndProject
Project("{FAE04EC0-301F-11D3-BF4B-00C04F79EFBC}") = "Demo.Repository", "Demo.Repository\Demo.Repository.csproj", "{FD3AF4C8-A985-486A-B1B5-C6129AF674FF}"
EndProject
Project("{FAE04EC0-301F-11D3-BF4B-00C04F79EFBC}") = "Demo.Tests", "Demo.Tests\Demo.Tests.csproj", "{D6388206-1CE1-41C2-BDCF-156ADCACC197}"
EndProject
Project("{FAE04EC0-301F-11D3-BF4B-00C04F79EFBC}") = "Demo.Service", "Demo.Service\Demo.Service.csproj", "{701C1513-7706-4472-BCCD-F07E25CDA891}"
EndProject
Global
	GlobalSection(SolutionConfigurationPlatforms) = preSolution
		Debug|Any CPU = Debug|Any CPU
		Release|Any CPU = Release|Any CPU
	EndGlobalSection
	GlobalSection(ProjectConfigurationPlatforms) = postSolution
		{2B06FCB7-C6E1-4BEE-A031-43AE1356D94A}.Debug|Any CPU.ActiveCfg = Debug|Any CPU
		{2B06FCB7-C6E1-4BEE-A031-43AE1356D94A}.Debug|Any CPU.Build.0 = Debug|Any CPU
		{2B06FCB7-C6E1-4BEE-A031-43AE1356D94A}.Release|Any CPU.ActiveCfg = Release|Any CPU
		{2B06FCB7-C6E1-4BEE-A031-43AE1356D94A}.Release|Any CPU.Build.0 = Release|Any CPU
		{3E2E8217-E847-4DAC-842B-53473B555FFD}.Debug|Any CPU.ActiveCfg = Debug|Any CPU
		{3E2E8217-E847-4DAC-842B-53473B555FFD}.Debug|Any CPU.Build.0 = Debug|Any CPU
		{3E2E8217-E847-4DAC-842B-53473B555FFD}.Release|Any CPU.ActiveCfg = Release|Any CPU
		{3E2E8217-E847-4DAC-842B-53473B555FFD}.Release|Any CPU.Build.0 = Release|Any CPU
		{FD3AF4C8-A985-486A-B1B5-C6129AF674FF}.Debug|Any CPU.ActiveCfg = Debug|Any CPU
		{FD3AF4C8-A985-486A-B1B5-C6129AF674FF}.Debug|Any CPU.Build.0 = Debug|Any CPU
		{FD3AF4C8-A985-486A-B1B5-C6129AF674FF}.Release|Any CPU.ActiveCfg = Release|Any CPU
		{FD3AF4C8-A985-486A-B1B5-C6129AF674FF}.Release|Any CPU.Build.0 = Release|Any CPU
		{D6388206-1CE1-41C2-BDCF-156ADCACC197}.Debug|Any CPU.ActiveCfg = Debug|Any CPU
		{D6388206-1CE1-41C2-BDCF-156ADCACC197}.Debug|Any CPU.Build.0 = Debug|Any CPU
		{D6388206-1CE1-41C2-BDCF-156ADCACC197}.Release|Any CPU.ActiveCfg = Release|Any CPU
		{D6388206-1CE1-41C2-BDCF-156ADCACC197}.Release|Any CPU.Build.0 = Release|Any CPU
		{701C1513-7706-4472-BCCD-F07E25CDA891}.Debug|Any CPU.ActiveCfg = Debug|Any CPU
		{701C1513-7706-4472-BCCD-F07E25CDA891}.Debug|Any CPU.Build.0 = Debug|Any CPU
		{701C1513-7706-4472-BCCD-F07E25CDA891}.Release|Any CPU.ActiveCfg = Release|Any CPU
		{701C1513-7706-4472-BCCD-F07E25CDA891}.Release|Any CPU.Build.0 = Release|Any CPU
	EndGlobalSection
	GlobalSection(SolutionProperties) = preSolution
		HideSolutionNode = FALSE
	EndGlobalSection
	GlobalSection(ExtensibilityGlobals) = postSolution
		SolutionGuid = {4180F6C3-D2E1-4F68-A451-00CCE917F29B}
	EndGlobalSection
EndGlobal
